schema: '2.0'
stages:
  load_data:
    cmd: python src/load_data.py --config=params.yaml
    deps:
    - path: data_given/winequality.csv
      md5: ccc8d3507eb151f53f760d36abdef888
      size: 91998
    - path: src/get_data.py
      md5: 28a62b34b7d1924bb13cb99092a4a276
      size: 769
    - path: src/load_data.py
      md5: 39b8648f5e77477be20175edc5394cb5
      size: 793
    outs:
    - path: data/raw/winequality.csv
      md5: dcb9f7736a81b73cf4cf803b5ef3f07e
      size: 102550
  split_data:
    cmd: python src/split_data.py --config=params.yaml
    deps:
    - path: data/raw/winequality.csv
      md5: dcb9f7736a81b73cf4cf803b5ef3f07e
      size: 102550
    - path: src/split_data.py
      md5: c6fac885fe5fb752a1e712d403c5e66c
      size: 1101
    outs:
    - path: data/processed/test_winequality.csv
      md5: c61ed6ccde3fa3fdb1f90855d8bed6a6
      size: 19156
    - path: data/processed/train_winequality.csv
      md5: d2565873a62157d22eedc74acd913077
      size: 76074
  train_evaluate:
    cmd: python src\train_evaluate.py --config=params.yaml
    deps:
    - path: data\processed\test_winequality.csv
      md5: c61ed6ccde3fa3fdb1f90855d8bed6a6
      size: 19156
    - path: data\processed\train_winequality.csv
      md5: d2565873a62157d22eedc74acd913077
      size: 76074
    - path: src\train_evaluate.py
      md5: c3a22403ac4965b0a22a42531965c862
      size: 2136
    params:
      params.yaml:
        estimators.ElasticNet.params.alpha: 0.88
        estimators.ElasticNet.params.l1_ratio: 0.89
    outs:
    - path: saved_models\model.joblib
      md5: ffd11152368b665be0486939756a5487
      size: 1369
